// !$*UTF8*$!
{
	archiveVersion = 1;
	classes = {
	};
	objectVersion = 46;
	objects = {

/* Begin PBXBuildFile section */
		143879351AAD238D00F088A5 /* RNCCameraRollManager.m in Sources */ = {isa = PBXBuildFile; fileRef = 143879341AAD238D00F088A5 /* RNCCameraRollManager.m */; };
		2F2D96EC28ABF12100B2EF6B /* RNCCameraRollPermissionModule.m in Sources */ = {isa = PBXBuildFile; fileRef = 2F2D96EB28ABF12100B2EF6B /* RNCCameraRollPermissionModule.m */; };
		4F788CB822226740001DB9D2 /* RNCAssetsLibraryRequestHandler.m in Sources */ = {isa = PBXBuildFile; fileRef = 4F788CB722226740001DB9D2 /* RNCAssetsLibraryRequestHandler.m */; };
/* End PBXBuildFile section */

/* Begin PBXCopyFilesBuildPhase section */
		58B5115B1A9E6B3D00147676 /* CopyFiles */ = {
			isa = PBXCopyFilesBuildPhase;
			buildActionMask = 2147483647;
			dstPath = "include/$(PRODUCT_NAME)";
			dstSubfolderSpec = 16;
			files = (
			);
			runOnlyForDeploymentPostprocessing = 0;
		};
/* End PBXCopyFilesBuildPhase section */

/* Begin PBXFileReference section */
		143879331AAD238D00F088A5 /* RNCCameraRollManager.h */ = {isa = PBXFileReference; fileEncoding = 4; lastKnownFileType = sourcecode.c.h; lineEnding = 0; path = RNCCameraRollManager.h; sourceTree = "<group>"; xcLanguageSpecificationIdentifier = xcode.lang.objcpp; };
		143879341AAD238D00F088A5 /* RNCCameraRollManager.m */ = {isa = PBXFileReference; fileEncoding = 4; lastKnownFileType = sourcecode.c.objc; path = RNCCameraRollManager.m; sourceTree = "<group>"; };
		2F2D96EA28ABF0FE00B2EF6B /* RNCCameraRollPermissionModule.h */ = {isa = PBXFileReference; lastKnownFileType = sourcecode.c.h; path = RNCCameraRollPermissionModule.h; sourceTree = "<group>"; };
		2F2D96EB28ABF12100B2EF6B /* RNCCameraRollPermissionModule.m */ = {isa = PBXFileReference; lastKnownFileType = sourcecode.c.objc; path = RNCCameraRollPermissionModule.m; sourceTree = "<group>"; };
		4F788CB622226740001DB9D2 /* RNCAssetsLibraryRequestHandler.h */ = {isa = PBXFileReference; fileEncoding = 4; lastKnownFileType = sourcecode.c.h; path = RNCAssetsLibraryRequestHandler.h; sourceTree = "<group>"; };
		4F788CB722226740001DB9D2 /* RNCAssetsLibraryRequestHandler.m */ = {isa = PBXFileReference; fileEncoding = 4; lastKnownFileType = sourcecode.c.objc; path = RNCAssetsLibraryRequestHandler.m; sourceTree = "<group>"; };
		58B5115D1A9E6B3D00147676 /* libRNCCameraRoll.a */ = {isa = PBXFileReference; explicitFileType = archive.ar; includeInIndex = 0; path = libRNCCameraRoll.a; sourceTree = BUILT_PRODUCTS_DIR; };
/* End PBXFileReference section */

/* Begin PBXFrameworksBuildPhase section */
		58B5115A1A9E6B3D00147676 /* Frameworks */ = {
			isa = PBXFrameworksBuildPhase;
			buildActionMask = 2147483647;
			files = (
			);
			runOnlyForDeploymentPostprocessing = 0;
		};
/* End PBXFrameworksBuildPhase section */

/* Begin PBXGroup section */
		58B511541A9E6B3D00147676 = {
			isa = PBXGroup;
			children = (
				2F2D96EB28ABF12100B2EF6B /* RNCCameraRollPermissionModule.m */,
				2F2D96EA28ABF0FE00B2EF6B /* RNCCameraRollPermissionModule.h */,
				4F788CB622226740001DB9D2 /* RNCAssetsLibraryRequestHandler.h */,
				4F788CB722226740001DB9D2 /* RNCAssetsLibraryRequestHandler.m */,
				143879331AAD238D00F088A5 /* RNCCameraRollManager.h */,
				143879341AAD238D00F088A5 /* RNCCameraRollManager.m */,
				58B5115E1A9E6B3D00147676 /* Products */,
			);
			indentWidth = 2;
			sourceTree = "<group>";
			tabWidth = 2;
			usesTabs = 0;
		};
		58B5115E1A9E6B3D00147676 /* Products */ = {
			isa = PBXGroup;
			children = (
				58B5115D1A9E6B3D00147676 /* libRNCCameraRoll.a */,
			);
			name = Products;
			sourceTree = "<group>";
		};
/* End PBXGroup section */

/* Begin PBXNativeTarget section */
		58B5115C1A9E6B3D00147676 /* RNCCameraRoll */ = {
			isa = PBXNativeTarget;
			buildConfigurationList = 58B511711A9E6B3D00147676 /* Build configuration list for PBXNativeTarget "RNCCameraRoll" */;
			buildPhases = (
				58B511591A9E6B3D00147676 /* Sources */,
				58B5115A1A9E6B3D00147676 /* Frameworks */,
				58B5115B1A9E6B3D00147676 /* CopyFiles */,
			);
			buildRules = (
			);
			dependencies = (
			);
			name = RNCCameraRoll;
			productName = RCTNetworkImage;
			productReference = 58B5115D1A9E6B3D00147676 /* libRNCCameraRoll.a */;
			productType = "com.apple.product-type.library.static";
		};
/* End PBXNativeTarget section */

/* Begin PBXProject section */
		58B511551A9E6B3D00147676 /* Project object */ = {
			isa = PBXProject;
			attributes = {
				LastUpgradeCheck = 0940;
				ORGANIZATIONNAME = Facebook;
				TargetAttributes = {
					58B5115C1A9E6B3D00147676 = {
						CreatedOnToolsVersion = 6.1.1;
					};
				};
			};
			buildConfigurationList = 58B511581A9E6B3D00147676 /* Build configuration list for PBXProject "RNCCameraroll" */;
			compatibilityVersion = "Xcode 3.2";
			developmentRegion = English;
			hasScannedForEncodings = 0;
			knownRegions = (
				English,
				en,
			);
			mainGroup = 58B511541A9E6B3D00147676;
			productRefGroup = 58B5115E1A9E6B3D00147676 /* Products */;
			projectDirPath = "";
			projectRoot = "";
			targets = (
				58B5115C1A9E6B3D00147676 /* RNCCameraRoll */,
			);
		};
/* End PBXProject section */

/* Begin PBXSourcesBuildPhase section */
		58B511591A9E6B3D00147676 /* Sources */ = {
			isa = PBXSourcesBuildPhase;
			buildActionMask = 2147483647;
			files = (
				4F788CB822226740001DB9D2 /* RNCAssetsLibraryRequestHandler.m in Sources */,
				143879351AAD238D00F088A5 /* RNCCameraRollManager.m in Sources */,
				2F2D96EC28ABF12100B2EF6B /* RNCCameraRollPermissionModule.m in Sources */,
			);
			runOnlyForDeploymentPostprocessing = 0;
		};
/* End PBXSourcesBuildPhase section */

/* Begin XCBuildConfiguration section */
		58B5116F1A9E6B3D00147676 /* Debug */ = {
			isa = XCBuildConfiguration;
			buildSettings = {
				ALWAYS_SEARCH_USER_PATHS = NO;
				CLANG_CXX_LANGUAGE_STANDARD = "gnu++0x";
				CLANG_CXX_LIBRARY = "libc++";
				CLANG_ENABLE_MODULES = YES;
				CLANG_ENABLE_OBJC_ARC = YES;
				CLANG_WARN_BLOCK_CAPTURE_AUTORELEASING = YES;
				CLANG_WARN_BOOL_CONVERSION = YES;
				CLANG_WARN_COMMA = YES;
				CLANG_WARN_CONSTANT_CONVERSION = YES;
				CLANG_WARN_DEPRECATED_OBJC_IMPLEMENTATIONS = YES;
				CLANG_WARN_DIRECT_OBJC_ISA_USAGE = YES_ERROR;
				CLANG_WARN_EMPTY_BODY = YES;
				CLANG_WARN_ENUM_CONVERSION = YES;
				CLANG_WARN_INFINITE_RECURSION = YES;
				CLANG_WARN_INT_CONVERSION = YES;
				CLANG_WARN_NON_LITERAL_NULL_CONVERSION = YES;
				CLANG_WARN_OBJC_IMPLICIT_RETAIN_SELF = YES;
				CLANG_WARN_OBJC_LITERAL_CONVERSION = YES;
				CLANG_WARN_OBJC_ROOT_CLASS = YES_ERROR;
				CLANG_WARN_RANGE_LOOP_ANALYSIS = YES;
				CLANG_WARN_STRICT_PROTOTYPES = YES;
				CLANG_WARN_SUSPICIOUS_MOVE = YES;
				CLANG_WARN_UNREACHABLE_CODE = YES;
				CLANG_WARN__DUPLICATE_METHOD_MATCH = YES;
				COPY_PHASE_STRIP = NO;
				ENABLE_STRICT_OBJC_MSGSEND = YES;
				ENABLE_TESTABILITY = YES;
				GCC_C_LANGUAGE_STANDARD = gnu99;
				GCC_DYNAMIC_NO_PIC = NO;
				GCC_NO_COMMON_BLOCKS = YES;
				GCC_OPTIMIZATION_LEVEL = 0;
				GCC_PREPROCESSOR_DEFINITIONS = (
					"DEBUG=1",
					"$(inherited)",
				);
				GCC_SYMBOLS_PRIVATE_EXTERN = NO;
				GCC_WARN_64_TO_32_BIT_CONVERSION = YES;
				GCC_WARN_ABOUT_RETURN_TYPE = YES_ERROR;
				GCC_WARN_INITIALIZER_NOT_FULLY_BRACKETED = YES;
				GCC_WARN_SHADOW = YES;
				GCC_WARN_UNDECLARED_SELECTOR = YES;
				GCC_WARN_UNINITIALIZED_AUTOS = YES_AGGRESSIVE;
				GCC_WARN_UNUSED_FUNCTION = YES;
				GCC_WARN_UNUSED_VARIABLE = YES;
				IPHONEOS_DEPLOYMENT_TARGET = 9.0;
				MTL_ENABLE_DEBUG_INFO = YES;
				ONLY_ACTIVE_ARCH = YES;
				SDKROOT = iphoneos;
				SKIP_INSTALL = YES;
				WARNING_CFLAGS = (
					"-Werror",
					"-Wall",
					"-Wno-deprecated-declarations",
				);
			};
			name = Debug;
		};
		58B511701A9E6B3D00147676 /* Release */ = {
			isa = XCBuildConfiguration;
			buildSettings = {
				ALWAYS_SEARCH_USER_PATHS = NO;
				CLANG_CXX_LANGUAGE_STANDARD = "gnu++0x";
				CLANG_CXX_LIBRARY = "libc++";
				CLANG_ENABLE_MODULES = YES;
				CLANG_ENABLE_OBJC_ARC = YES;
				CLANG_WARN_BLOCK_CAPTURE_AUTORELEASING = YES;
				CLANG_WARN_BOOL_CONVERSION = YES;
				CLANG_WARN_COMMA = YES;
				CLANG_WARN_CONSTANT_CONVERSION = YES;
				CLANG_WARN_DEPRECATED_OBJC_IMPLEMENTATIONS = YES;
				CLANG_WARN_DIRECT_OBJC_ISA_USAGE = YES_ERROR;
				CLANG_WARN_EMPTY_BODY = YES;
				CLANG_WARN_ENUM_CONVERSION = YES;
				CLANG_WARN_INFINITE_RECURSION = YES;
				CLANG_WARN_INT_CONVERSION = YES;
				CLANG_WARN_NON_LITERAL_NULL_CONVERSION = YES;
				CLANG_WARN_OBJC_IMPLICIT_RETAIN_SELF = YES;
				CLANG_WARN_OBJC_LITERAL_CONVERSION = YES;
				CLANG_WARN_OBJC_ROOT_CLASS = YES_ERROR;
				CLANG_WARN_RANGE_LOOP_ANALYSIS = YES;
				CLANG_WARN_STRICT_PROTOTYPES = YES;
				CLANG_WARN_SUSPICIOUS_MOVE = YES;
				CLANG_WARN_UNREACHABLE_CODE = YES;
				CLANG_WARN__DUPLICATE_METHOD_MATCH = YES;
				COPY_PHASE_STRIP = YES;
				ENABLE_NS_ASSERTIONS = NO;
				ENABLE_STRICT_OBJC_MSGSEND = YES;
				GCC_C_LANGUAGE_STANDARD = gnu99;
				GCC_NO_COMMON_BLOCKS = YES;
				GCC_WARN_64_TO_32_BIT_CONVERSION = YES;
				GCC_WARN_ABOUT_RETURN_TYPE = YES_ERROR;
				GCC_WARN_INITIALIZER_NOT_FULLY_BRACKETED = YES;
				GCC_WARN_SHADOW = YES;
				GCC_WARN_UNDECLARED_SELECTOR = YES;
				GCC_WARN_UNINITIALIZED_AUTOS = YES_AGGRESSIVE;
				GCC_WARN_UNUSED_FUNCTION = YES;
				GCC_WARN_UNUSED_VARIABLE = YES;
				IPHONEOS_DEPLOYMENT_TARGET = 9.0;
				MTL_ENABLE_DEBUG_INFO = NO;
				SDKROOT = iphoneos;
				SKIP_INSTALL = YES;
				VALIDATE_PRODUCT = YES;
				WARNING_CFLAGS = (
					"-Werror",
					"-Wall",
					"-Wno-deprecated-declarations",
				);
			};
			name = Release;
		};
		58B511721A9E6B3D00147676 /* Debug */ = {
			isa = XCBuildConfiguration;
			buildSettings = {
				CLANG_STATIC_ANALYZER_MODE = deep;
				LIBRARY_SEARCH_PATHS = "$(inherited)";
				OTHER_LDFLAGS = "-ObjC";
				PRODUCT_NAME = RNCCameraRoll;
				RUN_CLANG_STATIC_ANALYZER = YES;
			};
			name = Debug;
		};
		58B511731A9E6B3D00147676 /* Release */ = {
			isa = XCBuildConfiguration;
			buildSettings = {
				CLANG_STATIC_ANALYZER_MODE = deep;
				LIBRARY_SEARCH_PATHS = "$(inherited)";
				OTHER_LDFLAGS = "-ObjC";
				PRODUCT_NAME = RNCCameraRoll;
				RUN_CLANG_STATIC_ANALYZER = NO;
			};
			name = Release;
		};
/* End XCBuildConfiguration section */

/* Begin XCConfigurationList section */
		58B511581A9E6B3D00147676 /* Build configuration list for PBXProject "RNCCameraroll" */ = {
			isa = XCConfigurationList;
			buildConfigurations = (
				58B5116F1A9E6B3D00147676 /* Debug */,
				58B511701A9E6B3D00147676 /* Release */,
			);
			defaultConfigurationIsVisible = 0;
			defaultConfigurationName = Release;
		};
		58B511711A9E6B3D00147676 /* Build configuration list for PBXNativeTarget "RNCCameraRoll" */ = {
			isa = XCConfigurationList;
			buildConfigurations = (
				58B511721A9E6B3D00147676 /* Debug */,
				58B511731A9E6B3D00147676 /* Release */,
			);
			defaultConfigurationIsVisible = 0;
			defaultConfigurationName = Release;
		};
/* End XCConfigurationList section */
	};
	rootObject = 58B511551A9E6B3D00147676 /* Project object */;
}
